
Microsoft Visual Studio Solution File, Format Version 12.00
# Visual Studio Version 17
VisualStudioVersion = 17.8.34525.116
MinimumVisualStudioVersion = 10.0.40219.1
Project("{FAE04EC0-301F-11D3-BF4B-00C04F79EFBC}") = "SuspiciousAPI", "SuspiciousAPI.csproj", "{798CAB9E-D207-4C70-A30E-08A030F07610}"
EndProject
Project("{FAE04EC0-301F-11D3-BF4B-00C04F79EFBC}") = "SusAPIExampleMod", "SusAPIExampleMod\SusAPIExampleMod.csproj", "{B73E77D6-0360-4515-AE4D-61DB87DD7388}"
EndProject
Global
	GlobalSection(SolutionConfigurationPlatforms) = preSolution
		Debug|Any CPU = Debug|Any CPU
		Release|Any CPU = Release|Any CPU
	EndGlobalSection
	GlobalSection(ProjectConfigurationPlatforms) = postSolution
		{798CAB9E-D207-4C70-A30E-08A030F07610}.Debug|Any CPU.ActiveCfg = Debug|Any CPU
		{798CAB9E-D207-4C70-A30E-08A030F07610}.Debug|Any CPU.Build.0 = Debug|Any CPU
		{798CAB9E-D207-4C70-A30E-08A030F07610}.Release|Any CPU.ActiveCfg = Release|Any CPU
		{798CAB9E-D207-4C70-A30E-08A030F07610}.Release|Any CPU.Build.0 = Release|Any CPU
		{B73E77D6-0360-4515-AE4D-61DB87DD7388}.Debug|Any CPU.ActiveCfg = Debug|Any CPU
		{B73E77D6-0360-4515-AE4D-61DB87DD7388}.Debug|Any CPU.Build.0 = Debug|Any CPU
		{B73E77D6-0360-4515-AE4D-61DB87DD7388}.Release|Any CPU.ActiveCfg = Release|Any CPU
		{B73E77D6-0360-4515-AE4D-61DB87DD7388}.Release|Any CPU.Build.0 = Release|Any CPU
	EndGlobalSection
	GlobalSection(SolutionProperties) = preSolution
		HideSolutionNode = FALSE
	EndGlobalSection
	GlobalSection(ExtensibilityGlobals) = postSolution
		SolutionGuid = {6E6F3B1E-1F07-406C-89B9-586F9B6AA92A}
	EndGlobalSection
EndGlobal
