
Microsoft Visual Studio Solution File, Format Version 12.00
# Visual Studio Version 17
VisualStudioVersion = 17.8.34525.116
MinimumVisualStudioVersion = 10.0.40219.1
Project("{FAE04EC0-301F-11D3-BF4B-00C04F79EFBC}") = "SuspiciousAPI", "SuspiciousAPI.csproj", "{6FA06FBC-A245-4C73-919A-AB466EACA898}"
EndProject
Project("{FAE04EC0-301F-11D3-BF4B-00C04F79EFBC}") = "SusAPIExampleMod", "SusAPIExampleMod\SusAPIExampleMod.csproj", "{796233DA-9D9A-4D2B-94E8-44AF2AD825D7}"
EndProject
Global
	GlobalSection(SolutionConfigurationPlatforms) = preSolution
		Debug|Any CPU = Debug|Any CPU
		Release|Any CPU = Release|Any CPU
	EndGlobalSection
	GlobalSection(ProjectConfigurationPlatforms) = postSolution
		{6FA06FBC-A245-4C73-919A-AB466EACA898}.Debug|Any CPU.ActiveCfg = Debug|Any CPU
		{6FA06FBC-A245-4C73-919A-AB466EACA898}.Debug|Any CPU.Build.0 = Debug|Any CPU
		{6FA06FBC-A245-4C73-919A-AB466EACA898}.Release|Any CPU.ActiveCfg = Release|Any CPU
		{6FA06FBC-A245-4C73-919A-AB466EACA898}.Release|Any CPU.Build.0 = Release|Any CPU
		{796233DA-9D9A-4D2B-94E8-44AF2AD825D7}.Debug|Any CPU.ActiveCfg = Debug|Any CPU
		{796233DA-9D9A-4D2B-94E8-44AF2AD825D7}.Debug|Any CPU.Build.0 = Debug|Any CPU
		{796233DA-9D9A-4D2B-94E8-44AF2AD825D7}.Release|Any CPU.ActiveCfg = Release|Any CPU
		{796233DA-9D9A-4D2B-94E8-44AF2AD825D7}.Release|Any CPU.Build.0 = Release|Any CPU
	EndGlobalSection
	GlobalSection(SolutionProperties) = preSolution
		HideSolutionNode = FALSE
	EndGlobalSection
	GlobalSection(ExtensibilityGlobals) = postSolution
		SolutionGuid = {9187FB92-F6D4-4F0A-94E2-E1D4BE7282B9}
	EndGlobalSection
EndGlobal
